
Microsoft Visual Studio Solution File, Format Version 12.00
# Visual Studio Version 16
VisualStudioVersion = 16.0.29613.14
MinimumVisualStudioVersion = 10.0.40219.1
Project("{FAE04EC0-301F-11D3-BF4B-00C04F79EFBC}") = "ConsoleApplication", "ConsoleApplication\ConsoleApplication.csproj", "{5607995F-906A-4027-8817-918EA4E5BC1B}"
EndProject
Project("{2150E333-8FDC-42A3-9474-1A3956D46DE8}") = "Solution Items", "Solution Items", "{61373D05-20C7-457C-95D1-515F6B3DE38F}"
	ProjectSection(SolutionItems) = preProject
		.editorconfig = .editorconfig
	EndProjectSection
EndProject
Global
	GlobalSection(SolutionConfigurationPlatforms) = preSolution
		Debug|Any CPU = Debug|Any CPU
		Release|Any CPU = Release|Any CPU
	EndGlobalSection
	GlobalSection(ProjectConfigurationPlatforms) = postSolution
		{5607995F-906A-4027-8817-918EA4E5BC1B}.Debug|Any CPU.ActiveCfg = Debug|Any CPU
		{5607995F-906A-4027-8817-918EA4E5BC1B}.Debug|Any CPU.Build.0 = Debug|Any CPU
		{5607995F-906A-4027-8817-918EA4E5BC1B}.Release|Any CPU.ActiveCfg = Release|Any CPU
		{5607995F-906A-4027-8817-918EA4E5BC1B}.Release|Any CPU.Build.0 = Release|Any CPU
	EndGlobalSection
	GlobalSection(SolutionProperties) = preSolution
		HideSolutionNode = FALSE
	EndGlobalSection
	GlobalSection(ExtensibilityGlobals) = postSolution
		SolutionGuid = {410DB430-4197-443F-86AC-C549E7AABF26}
	EndGlobalSection
EndGlobal
